<?xml version="1.0" encoding="utf-8"?>
<Project ToolsVersion="4.0" xmlns="http://schemas.microsoft.com/developer/msbuild/2003">
  <ItemGroup>
    <Filter Include="Source Files">
      <UniqueIdentifier>{4FC737F1-C7A5-4376-A066-2A32D752A2FF}</UniqueIdentifier>
      <Extensions>cpp;c;cc;cxx;c++;cppm;ixx;def;odl;idl;hpj;bat;asm;asmx</Extensions>
    </Filter>
    <Filter Include="Header Files">
      <UniqueIdentifier>{93995380-89BD-4b04-88EB-625FBE52EBFB}</UniqueIdentifier>
      <Extensions>h;hh;hpp;hxx;h++;hm;inl;inc;ipp;xsd</Extensions>
    </Filter>
    <Filter Include="Source Files\Core">
      <UniqueIdentifier>{d8d8c8cd-4fd3-4d72-ad12-c2ad45c8211e}</UniqueIdentifier>
    </Filter>
    <Filter Include="Header Files\Core">
      <UniqueIdentifier>{83a14b4c-63f1-49a6-9ba6-1e1bcbb0a8fe}</UniqueIdentifier>
    </Filter>
    <Filter Include="Header Files\Core\Components">
      <UniqueIdentifier>{e66db723-b7b2-494e-91c8-04ba2163c42b}</UniqueIdentifier>
    </Filter>
    <Filter Include="Source Files\Core\Components">
      <UniqueIdentifier>{cee8ef14-1097-405d-9a51-e5d9ab0501f2}</UniqueIdentifier>
    </Filter>
    <Filter Include="Header Files\Include">
      <UniqueIdentifier>{0ffd31d4-3df1-4d52-b01b-6ff241ee9f1e}</UniqueIdentifier>
    </Filter>
    <Filter Include="Header Files\Modules">
      <UniqueIdentifier>{2a0982d8-d4c9-4739-b71c-e69c0ebbc777}</UniqueIdentifier>
    </Filter>
    <Filter Include="Header Files\Modules\GameObject">
      <UniqueIdentifier>{638d6e77-a840-4606-a9d1-ff4242b64d0a}</UniqueIdentifier>
    </Filter>
    <Filter Include="Header Files\Modules\Transform">
      <UniqueIdentifier>{055cb775-9760-40e8-977e-9a05405263b5}</UniqueIdentifier>
    </Filter>
    <Filter Include="Header Files\Modules\Time">
      <UniqueIdentifier>{bf9dfb5f-d92d-4266-850d-3265caa84603}</UniqueIdentifier>
    </Filter>
    <Filter Include="Source Files\Modules">
      <UniqueIdentifier>{adccbc8b-8b66-43c1-9cee-886933b128f2}</UniqueIdentifier>
    </Filter>
    <Filter Include="Source Files\Modules\GameObject">
      <UniqueIdentifier>{7a4423a8-79f0-4e27-b079-2796c42f3a9f}</UniqueIdentifier>
    </Filter>
    <Filter Include="Source Files\Modules\Time">
      <UniqueIdentifier>{4880d9d2-c0d2-4e65-8b57-5a876c8d54ed}</UniqueIdentifier>
    </Filter>
    <Filter Include="Header Files\Include\Modules">
      <UniqueIdentifier>{686bae6d-bbc1-44ce-926e-57dff7eefdf1}</UniqueIdentifier>
    </Filter>
    <Filter Include="Header Files\Core\Subsystems">
      <UniqueIdentifier>{838c7dd5-fa97-49df-8752-f7808fb550b8}</UniqueIdentifier>
    </Filter>
    <Filter Include="Source Files\Core\Subsystems">
      <UniqueIdentifier>{1a5401a6-6975-412a-8300-c7a6342d5615}</UniqueIdentifier>
    </Filter>
    <Filter Include="Header Files\Core\Subsystems\World">
      <UniqueIdentifier>{899182db-f2f4-414c-b05a-9e129b3c1338}</UniqueIdentifier>
    </Filter>
    <Filter Include="Header Files\Core\Subsystems\Time">
      <UniqueIdentifier>{dfeb8ba9-1854-45c3-83b0-40b9ff0ee576}</UniqueIdentifier>
    </Filter>
    <Filter Include="Header Files\Core\Subsystems\Rendering">
      <UniqueIdentifier>{a895d933-518a-4344-af99-e8e86a782274}</UniqueIdentifier>
    </Filter>
    <Filter Include="Source Files\Core\Subsystems\World">
      <UniqueIdentifier>{c6550d14-bc7f-4f3d-81b8-930df3d37137}</UniqueIdentifier>
    </Filter>
    <Filter Include="Source Files\Core\Subsystems\Time">
      <UniqueIdentifier>{688d6c8a-b6e5-4f00-ae46-ae5d48194123}</UniqueIdentifier>
    </Filter>
    <Filter Include="Source Files\Core\Subsystems\Rendering">
      <UniqueIdentifier>{f11623a5-4c5c-4b00-823d-9b1ce272600c}</UniqueIdentifier>
    </Filter>
    <Filter Include="Header Files\Core\Subsystems\Physics">
      <UniqueIdentifier>{8ab90ae1-4926-4d32-b1ba-20e8ef736fd0}</UniqueIdentifier>
    </Filter>
    <Filter Include="Source Files\Core\Subsystems\Physics">
      <UniqueIdentifier>{35ada952-efeb-4587-b346-02706d34ce59}</UniqueIdentifier>
    </Filter>
    <Filter Include="Header Files\Modules\Rendering">
      <UniqueIdentifier>{5b5cbf1b-51b2-4937-92e6-431d1b357863}</UniqueIdentifier>
    </Filter>
    <Filter Include="Header Files\Modules\Physics">
      <UniqueIdentifier>{efb16321-5215-4ea9-af3a-8e8dc4ac250a}</UniqueIdentifier>
    </Filter>
    <Filter Include="Source Files\Modules\Rendering">
      <UniqueIdentifier>{bb5b4e30-9600-425f-a39a-4a0a43e8e7ed}</UniqueIdentifier>
    </Filter>
    <Filter Include="Source Files\Modules\Physics">
      <UniqueIdentifier>{5d6ba8bb-9701-4daf-a180-8fd2764da3c8}</UniqueIdentifier>
    </Filter>
    <Filter Include="Source Files\Modules\Transform">
      <UniqueIdentifier>{b49cab35-4672-4664-b537-1617a73d8016}</UniqueIdentifier>
    </Filter>
    <Filter Include="Source Files\Application">
      <UniqueIdentifier>{2fa3314b-c4ef-47a0-b95f-146e9a5461ed}</UniqueIdentifier>
    </Filter>
    <Filter Include="Header Files\Modules\Rendering\Compositing">
      <UniqueIdentifier>{fde18cc3-34c0-4be8-9ab1-ef4c2cdf7883}</UniqueIdentifier>
    </Filter>
    <Filter Include="Source Files\Modules\Rendering\Compositing">
      <UniqueIdentifier>{51ff5d43-2749-4f34-b043-de8e660e7e4d}</UniqueIdentifier>
    </Filter>
    <Filter Include="Header Files\Modules\Rendering\Shader">
      <UniqueIdentifier>{7be2bf36-3271-4d9d-96f0-eba285fb0eb0}</UniqueIdentifier>
    </Filter>
    <Filter Include="Source Files\Modules\Rendering\Shader">
      <UniqueIdentifier>{57be1e6a-d7cc-4e80-8852-ca8da420f8eb}</UniqueIdentifier>
    </Filter>
    <Filter Include="Header Files\Modules\Rendering\Model">
      <UniqueIdentifier>{b911c14d-33bc-4028-b0a0-38be00e1fd39}</UniqueIdentifier>
    </Filter>
    <Filter Include="Source Files\Modules\Rendering\Model">
      <UniqueIdentifier>{8c3c23f7-9bd8-41e7-ac44-603426ff2ce5}</UniqueIdentifier>
    </Filter>
    <Filter Include="Header Files\Other Dependencies">
      <UniqueIdentifier>{e4a17a19-47ce-4724-b502-92c1b6b2fc23}</UniqueIdentifier>
    </Filter>
    <Filter Include="Header Files\Modules\Input">
      <UniqueIdentifier>{623a401b-966d-4a1f-9e45-7075ebbebd9d}</UniqueIdentifier>
    </Filter>
    <Filter Include="Source Files\Modules\Input">
      <UniqueIdentifier>{02447f8d-f7a9-493a-a281-b3afabe7fd73}</UniqueIdentifier>
    </Filter>
    <Filter Include="Header Files\Core\Subsystems\Input">
      <UniqueIdentifier>{68837b9c-420a-4918-893e-5ef2014aca34}</UniqueIdentifier>
    </Filter>
    <Filter Include="Source Files\Core\Subsystems\Input">
      <UniqueIdentifier>{4ef87957-f99e-4892-af46-eaafdcd1e90e}</UniqueIdentifier>
    </Filter>
    <Filter Include="Header Files\Other Dependencies\glad">
      <UniqueIdentifier>{fe9d1e7c-14f8-424a-9060-94cba3582fda}</UniqueIdentifier>
    </Filter>
    <Filter Include="Header Files\Other Dependencies\stb">
      <UniqueIdentifier>{b0a264bd-4711-47c5-817f-6dd10449855f}</UniqueIdentifier>
    </Filter>
    <Filter Include="Header Files\Core\Subsystems\Asset">
      <UniqueIdentifier>{aca813cb-41e3-48a4-ab2e-6c59b122a9cb}</UniqueIdentifier>
    </Filter>
    <Filter Include="Source Files\Modules\Asset">
      <UniqueIdentifier>{acb7c594-8751-456b-8b66-b1f5ce0642d8}</UniqueIdentifier>
    </Filter>
    <Filter Include="Header Files\Modules\Asset">
      <UniqueIdentifier>{5a65ed51-040d-4d5c-a181-a81d269d8768}</UniqueIdentifier>
    </Filter>
    <Filter Include="Source Files\Core\Subsystems\Asset">
      <UniqueIdentifier>{5269376b-e8eb-4637-8574-d5f67ccf0fe4}</UniqueIdentifier>
    </Filter>
    <Filter Include="Header Files\Modules\Animation">
      <UniqueIdentifier>{c1a54ce4-8a84-4ea3-950c-f3fee817cbf5}</UniqueIdentifier>
    </Filter>
    <Filter Include="Source Files\Modules\Animation">
      <UniqueIdentifier>{029dd0ff-ccb2-40ef-aa3f-5dab9efb6e8b}</UniqueIdentifier>
    </Filter>
    <Filter Include="Header Files\Utility">
      <UniqueIdentifier>{0702c57c-e8a0-4aa7-b642-19482fb04faa}</UniqueIdentifier>
    </Filter>
    <Filter Include="Source Files\Utility">
      <UniqueIdentifier>{3415702a-b2d5-4575-970a-3b00039b1df6}</UniqueIdentifier>
    </Filter>
    <Filter Include="Header Files\Modules\Rendering\Texture">
      <UniqueIdentifier>{cfec811e-b248-4343-95ed-a3a506f55295}</UniqueIdentifier>
    </Filter>
    <Filter Include="Source Files\Modules\Rendering\Texture">
      <UniqueIdentifier>{149c9709-fc65-454c-bc95-e34121b41be7}</UniqueIdentifier>
    </Filter>
  </ItemGroup>
  <ItemGroup>
    <ClInclude Include="src\modules\gameobject\gameobject.h">
      <Filter>Header Files\Modules\GameObject</Filter>
    </ClInclude>
    <ClInclude Include="src\modules\gameobject\gameobjectcomponent.h">
      <Filter>Header Files\Modules\GameObject</Filter>
    </ClInclude>
    <ClInclude Include="src\modules\gameobject\gameobjecttemplate.h">
      <Filter>Header Files\Modules\GameObject</Filter>
    </ClInclude>
    <ClInclude Include="src\modules\gameobject\gameobjectworld.h">
      <Filter>Header Files\Modules\GameObject</Filter>
    </ClInclude>
    <ClInclude Include="src\modules\transform\transform.h">
      <Filter>Header Files\Modules\Transform</Filter>
    </ClInclude>
    <ClInclude Include="src\modules\time\time.h">
      <Filter>Header Files\Modules\Time</Filter>
    </ClInclude>
    <ClInclude Include="src\core\preapplicationconfig.h">
      <Filter>Header Files\Core</Filter>
    </ClInclude>
    <ClInclude Include="src\core\preapplication.h">
      <Filter>Header Files\Core</Filter>
    </ClInclude>
    <ClInclude Include="src\core\subsystems\time\pretime.h">
      <Filter>Header Files\Core\Subsystems\Time</Filter>
    </ClInclude>
    <ClInclude Include="src\core\subsystems\world\preworld.h">
      <Filter>Header Files\Core\Subsystems\World</Filter>
    </ClInclude>
    <ClInclude Include="src\core\subsystems\rendering\prerendering.h">
      <Filter>Header Files\Core\Subsystems\Rendering</Filter>
    </ClInclude>
    <ClInclude Include="src\core\subsystems\physics\prephysics.h">
      <Filter>Header Files\Core\Subsystems\Physics</Filter>
    </ClInclude>
    <ClInclude Include="src\core\preapplicationcontext.h">
      <Filter>Header Files\Core</Filter>
    </ClInclude>
    <ClInclude Include="src\include\modules\gameobject.h">
      <Filter>Header Files\Include\Modules</Filter>
    </ClInclude>
    <ClInclude Include="src\include\modules\time.h">
      <Filter>Header Files\Include\Modules</Filter>
    </ClInclude>
    <ClInclude Include="src\include\modules\transform.h">
      <Filter>Header Files\Include\Modules</Filter>
    </ClInclude>
    <ClInclude Include="src\include\core.h">
      <Filter>Header Files\Include</Filter>
    </ClInclude>
    <ClInclude Include="src\modules\rendering\renderer.h">
      <Filter>Header Files\Modules\Rendering</Filter>
    </ClInclude>
    <ClInclude Include="src\modules\rendering\shader\rendervertexshader.h">
      <Filter>Header Files\Modules\Rendering\Shader</Filter>
    </ClInclude>
    <ClInclude Include="src\modules\rendering\shader\renderfragmentshader.h">
      <Filter>Header Files\Modules\Rendering\Shader</Filter>
    </ClInclude>
    <ClInclude Include="src\modules\rendering\shader\rendershaderprogram.h">
      <Filter>Header Files\Modules\Rendering\Shader</Filter>
    </ClInclude>
    <ClInclude Include="src\modules\rendering\model\rendermodel.h">
      <Filter>Header Files\Modules\Rendering\Model</Filter>
    </ClInclude>
    <ClInclude Include="src\modules\rendering\model\rendermaterial.h">
      <Filter>Header Files\Modules\Rendering\Model</Filter>
    </ClInclude>
    <ClInclude Include="src\modules\rendering\model\rendermesh.h">
      <Filter>Header Files\Modules\Rendering\Model</Filter>
    </ClInclude>
    <ClInclude Include="src\include\modules\rendering.h">
      <Filter>Header Files\Include\Modules</Filter>
    </ClInclude>
    <ClInclude Include="src\core\subsystems\world\pregameobjecttemplate.h">
      <Filter>Header Files\Core\Subsystems\World</Filter>
    </ClInclude>
    <ClInclude Include="src\core\components\pretransformcomponent.h">
      <Filter>Header Files\Core\Components</Filter>
    </ClInclude>
    <ClInclude Include="src\core\components\premodelrenderercomponent.h">
      <Filter>Header Files\Core\Components</Filter>
    </ClInclude>
    <ClInclude Include="src\core\subsystems\world\pregameobjectcomponent.h">
      <Filter>Header Files\Core\Subsystems\World</Filter>
    </ClInclude>
    <ClInclude Include="src\modules\input\input.h">
      <Filter>Header Files\Modules\Input</Filter>
    </ClInclude>
    <ClInclude Include="src\core\subsystems\input\preinput.h">
      <Filter>Header Files\Core\Subsystems\Input</Filter>
    </ClInclude>
    <ClInclude Include="src\include\modules\input.h">
      <Filter>Header Files\Include\Modules</Filter>
    </ClInclude>
    <ClInclude Include="src\modules\input\keycode.h">
      <Filter>Header Files\Modules\Input</Filter>
    </ClInclude>
    <ClInclude Include="src\core\subsystems\input\prekeycode.h">
      <Filter>Header Files\Core\Subsystems\Input</Filter>
    </ClInclude>
    <ClInclude Include="src\core\subsystems\rendering\premesh.h">
      <Filter>Header Files\Core\Subsystems\Rendering</Filter>
    </ClInclude>
    <ClInclude Include="src\core\subsystems\rendering\prematerial.h">
      <Filter>Header Files\Core\Subsystems\Rendering</Filter>
    </ClInclude>
    <ClInclude Include="src\core\subsystems\rendering\preshader.h">
      <Filter>Header Files\Core\Subsystems\Rendering</Filter>
    </ClInclude>
    <ClInclude Include="src\core\subsystems\rendering\prerenderingconfig.h">
      <Filter>Header Files\Core\Subsystems\Rendering</Filter>
    </ClInclude>
    <ClInclude Include="src\core\subsystems\input\preinputconfig.h">
      <Filter>Header Files\Core\Subsystems\Input</Filter>
    </ClInclude>
    <ClInclude Include="src\core\subsystems\time\pretimeconfig.h">
      <Filter>Header Files\Core\Subsystems\Time</Filter>
    </ClInclude>
    <ClInclude Include="src\core\subsystems\world\preworldconfig.h">
      <Filter>Header Files\Core\Subsystems\World</Filter>
    </ClInclude>
    <ClInclude Include="src\core\components\precameracomponent.h">
      <Filter>Header Files\Core\Components</Filter>
    </ClInclude>
    <ClInclude Include="src\modules\rendering\rendercamera.h">
      <Filter>Header Files\Modules\Rendering</Filter>
    </ClInclude>
    <ClInclude Include="src\modules\rendering\compositing\rendercompositingnode.h">
      <Filter>Header Files\Modules\Rendering\Compositing</Filter>
    </ClInclude>
    <ClInclude Include="src\modules\rendering\compositing\rendercompositingtarget.h">
      <Filter>Header Files\Modules\Rendering\Compositing</Filter>
    </ClInclude>
    <ClInclude Include="src\core\subsystems\rendering\prerendertexture.h">
      <Filter>Header Files\Core\Subsystems\Rendering</Filter>
    </ClInclude>
    <ClInclude Include="src\core\subsystems\rendering\pretexture.h">
      <Filter>Header Files\Core\Subsystems\Rendering</Filter>
    </ClInclude>
    <ClInclude Include="src\core\subsystems\asset\preassetmanager.h">
      <Filter>Header Files\Core\Subsystems\Asset</Filter>
    </ClInclude>
    <ClInclude Include="src\core\subsystems\asset\preassetmanagerconfig.h">
      <Filter>Header Files\Core\Subsystems\Asset</Filter>
    </ClInclude>
    <ClInclude Include="src\modules\asset\assetmanager.h">
      <Filter>Header Files\Modules\Asset</Filter>
    </ClInclude>
    <ClInclude Include="src\include\modules\asset.h">
      <Filter>Header Files\Include\Modules</Filter>
    </ClInclude>
    <ClInclude Include="src\core\subsystems\rendering\preanimation.h">
      <Filter>Header Files\Core\Subsystems\Rendering</Filter>
    </ClInclude>
    <ClInclude Include="src\core\subsystems\rendering\preanimator.h">
      <Filter>Header Files\Core\Subsystems\Rendering</Filter>
    </ClInclude>
    <ClInclude Include="src\core\components\preanimatorcomponent.h">
      <Filter>Header Files\Core\Components</Filter>
    </ClInclude>
    <ClInclude Include="src\modules\rendering\model\renderskeleton.h">
      <Filter>Header Files\Modules\Rendering\Model</Filter>
    </ClInclude>
    <ClInclude Include="src\modules\animation\animation.h">
      <Filter>Header Files\Modules\Animation</Filter>
    </ClInclude>
    <ClInclude Include="src\modules\animation\animationchannel.h">
      <Filter>Header Files\Modules\Animation</Filter>
    </ClInclude>
    <ClInclude Include="src\modules\animation\animationchannelconfig.h">
      <Filter>Header Files\Modules\Animation</Filter>
    </ClInclude>
    <ClInclude Include="src\modules\animation\animationconfig.h">
      <Filter>Header Files\Modules\Animation</Filter>
    </ClInclude>
    <ClInclude Include="src\include\modules\animation.h">
      <Filter>Header Files\Include\Modules</Filter>
    </ClInclude>
    <ClInclude Include="src\core\subsystems\rendering\preskeleton.h">
      <Filter>Header Files\Core\Subsystems\Rendering</Filter>
    </ClInclude>
    <ClInclude Include="src\core\subsystems\rendering\preboneconfig.h">
      <Filter>Header Files\Core\Subsystems\Rendering</Filter>
    </ClInclude>
    <ClInclude Include="src\core\subsystems\rendering\preanimationchannelconfig.h">
      <Filter>Header Files\Core\Subsystems\Rendering</Filter>
    </ClInclude>
    <ClInclude Include="src\core\subsystems\rendering\preanimationconfig.h">
      <Filter>Header Files\Core\Subsystems\Rendering</Filter>
    </ClInclude>
    <ClInclude Include="src\core\subsystems\rendering\preanimatorconfig.h">
      <Filter>Header Files\Core\Subsystems\Rendering</Filter>
    </ClInclude>
    <ClInclude Include="src\utility\math.h">
      <Filter>Header Files\Utility</Filter>
    </ClInclude>
    <ClInclude Include="src\include\utility.h">
      <Filter>Header Files\Include</Filter>
    </ClInclude>
    <ClInclude Include="src\modules\rendering\texture\rendertexture.h">
      <Filter>Header Files\Modules\Rendering\Texture</Filter>
    </ClInclude>
  </ItemGroup>
  <ItemGroup>
    <ClCompile Include="src\modules\gameobject\gameobject.cpp">
      <Filter>Source Files\Modules\GameObject</Filter>
    </ClCompile>
    <ClCompile Include="src\modules\gameobject\gameobjecttemplate.cpp">
      <Filter>Source Files\Modules\GameObject</Filter>
    </ClCompile>
    <ClCompile Include="src\modules\gameobject\gameobjectworld.cpp">
      <Filter>Source Files\Modules\GameObject</Filter>
    </ClCompile>
    <ClCompile Include="src\modules\gameobject\gameobjectcomponent.cpp">
      <Filter>Source Files\Modules\GameObject</Filter>
    </ClCompile>
    <ClCompile Include="src\modules\time\time.cpp">
      <Filter>Source Files\Modules\Time</Filter>
    </ClCompile>
    <ClCompile Include="src\core\preapplication.cpp">
      <Filter>Source Files\Core</Filter>
    </ClCompile>
    <ClCompile Include="src\core\subsystems\rendering\prerendering.cpp">
      <Filter>Source Files\Core\Subsystems\Rendering</Filter>
    </ClCompile>
    <ClCompile Include="src\core\subsystems\time\pretime.cpp">
      <Filter>Source Files\Core\Subsystems\Time</Filter>
    </ClCompile>
    <ClCompile Include="src\core\subsystems\world\preworld.cpp">
      <Filter>Source Files\Core\Subsystems\World</Filter>
    </ClCompile>
    <ClCompile Include="src\core\preapplicationconfig.cpp">
      <Filter>Source Files\Core</Filter>
    </ClCompile>
    <ClCompile Include="src\core\subsystems\physics\prephysics.cpp">
      <Filter>Source Files\Core\Subsystems\Physics</Filter>
    </ClCompile>
    <ClCompile Include="src\core\preapplicationcontext.cpp">
      <Filter>Source Files\Core</Filter>
    </ClCompile>
    <ClCompile Include="src\application\main.cpp">
      <Filter>Source Files\Application</Filter>
    </ClCompile>
    <ClCompile Include="src\modules\rendering\renderer.cpp">
      <Filter>Source Files\Modules\Rendering</Filter>
    </ClCompile>
    <ClCompile Include="src\modules\rendering\shader\rendervertexshader.cpp">
      <Filter>Source Files\Modules\Rendering\Shader</Filter>
    </ClCompile>
    <ClCompile Include="src\modules\rendering\shader\renderfragmentshader.cpp">
      <Filter>Source Files\Modules\Rendering\Shader</Filter>
    </ClCompile>
    <ClCompile Include="src\modules\rendering\shader\rendershaderprogram.cpp">
      <Filter>Source Files\Modules\Rendering\Shader</Filter>
    </ClCompile>
    <ClCompile Include="src\modules\rendering\model\rendermodel.cpp">
      <Filter>Source Files\Modules\Rendering\Model</Filter>
    </ClCompile>
    <ClCompile Include="src\modules\rendering\model\rendermesh.cpp">
      <Filter>Source Files\Modules\Rendering\Model</Filter>
    </ClCompile>
    <ClCompile Include="src\modules\rendering\model\rendermaterial.cpp">
      <Filter>Source Files\Modules\Rendering\Model</Filter>
    </ClCompile>
    <ClCompile Include="src\core\components\pretransformcomponent.cpp">
      <Filter>Source Files\Core\Components</Filter>
    </ClCompile>
    <ClCompile Include="src\core\components\premodelrenderercomponent.cpp">
      <Filter>Source Files\Core\Components</Filter>
    </ClCompile>
    <ClCompile Include="src\core\subsystems\world\pregameobjectcomponent.cpp">
      <Filter>Source Files\Core\Subsystems\World</Filter>
    </ClCompile>
    <ClCompile Include="src\modules\input\input.cpp">
      <Filter>Source Files\Modules\Input</Filter>
    </ClCompile>
    <ClCompile Include="src\core\subsystems\input\preinput.cpp">
      <Filter>Source Files\Core\Subsystems\Input</Filter>
    </ClCompile>
    <ClCompile Include="src\modules\input\keycode.cpp">
      <Filter>Source Files\Modules\Input</Filter>
    </ClCompile>
    <ClCompile Include="src\core\subsystems\rendering\prerenderingconfig.cpp">
      <Filter>Source Files\Core\Subsystems\Rendering</Filter>
    </ClCompile>
    <ClCompile Include="src\core\subsystems\input\preinputconfig.cpp">
      <Filter>Source Files\Core\Subsystems\Input</Filter>
    </ClCompile>
    <ClCompile Include="src\core\subsystems\time\pretimeconfig.cpp">
      <Filter>Source Files\Core\Subsystems\Time</Filter>
    </ClCompile>
    <ClCompile Include="src\core\subsystems\world\preworldconfig.cpp">
      <Filter>Source Files\Core\Subsystems\World</Filter>
    </ClCompile>
    <ClCompile Include="..\Deps\glad\src\glad.c">
      <Filter>Header Files\Other Dependencies\glad</Filter>
    </ClCompile>
    <ClCompile Include="src\core\subsystems\world\pregameobjecttemplate.cpp">
      <Filter>Source Files\Core\Subsystems\World</Filter>
    </ClCompile>
    <ClCompile Include="src\modules\rendering\rendercamera.cpp">
      <Filter>Source Files\Modules\Rendering</Filter>
    </ClCompile>
    <ClCompile Include="src\modules\rendering\compositing\rendercompositingnode.cpp">
      <Filter>Source Files\Modules\Rendering\Compositing</Filter>
    </ClCompile>
    <ClCompile Include="src\modules\rendering\compositing\rendercompositingtarget.cpp">
      <Filter>Source Files\Modules\Rendering\Compositing</Filter>
    </ClCompile>
    <ClCompile Include="src\core\components\precameracomponent.cpp">
      <Filter>Source Files\Core\Components</Filter>
    </ClCompile>
    <ClCompile Include="src\core\subsystems\rendering\prerendertexture.cpp">
      <Filter>Source Files\Core\Subsystems\Rendering</Filter>
    </ClCompile>
    <ClCompile Include="src\core\subsystems\rendering\pretexture.cpp">
      <Filter>Source Files\Core\Subsystems\Rendering</Filter>
    </ClCompile>
    <ClCompile Include="src\core\subsystems\rendering\preshader.cpp">
      <Filter>Source Files\Core\Subsystems\Rendering</Filter>
    </ClCompile>
    <ClCompile Include="src\core\subsystems\rendering\premesh.cpp">
      <Filter>Source Files\Core\Subsystems\Rendering</Filter>
    </ClCompile>
    <ClCompile Include="src\core\subsystems\rendering\prematerial.cpp">
      <Filter>Source Files\Core\Subsystems\Rendering</Filter>
    </ClCompile>
    <ClCompile Include="src\modules\asset\assetmanager.cpp">
      <Filter>Source Files\Modules\Asset</Filter>
    </ClCompile>
    <ClCompile Include="src\core\subsystems\asset\preassetmanager.cpp">
      <Filter>Source Files\Core\Subsystems\Asset</Filter>
    </ClCompile>
    <ClCompile Include="src\core\subsystems\asset\preassetmanagerconfig.cpp">
      <Filter>Source Files\Core\Subsystems\Asset</Filter>
    </ClCompile>
    <ClCompile Include="..\Deps\stb\stb_image.cpp">
      <Filter>Header Files\Other Dependencies\stb</Filter>
    </ClCompile>
    <ClCompile Include="src\core\components\preanimatorcomponent.cpp">
      <Filter>Source Files\Core\Components</Filter>
    </ClCompile>
    <ClCompile Include="src\modules\rendering\model\renderskeleton.cpp">
      <Filter>Source Files\Modules\Rendering\Model</Filter>
    </ClCompile>
    <ClCompile Include="src\modules\animation\animation.cpp">
      <Filter>Source Files\Modules\Animation</Filter>
    </ClCompile>
    <ClCompile Include="src\modules\animation\animationchannel.cpp">
      <Filter>Source Files\Modules\Animation</Filter>
    </ClCompile>
    <ClCompile Include="src\modules\animation\animationchannelconfig.cpp">
      <Filter>Source Files\Modules\Animation</Filter>
    </ClCompile>
    <ClCompile Include="src\modules\animation\animationconfig.cpp">
      <Filter>Source Files\Modules\Animation</Filter>
    </ClCompile>
    <ClCompile Include="src\core\subsystems\rendering\preskeleton.cpp">
      <Filter>Source Files\Core\Subsystems\Rendering</Filter>
    </ClCompile>
    <ClCompile Include="src\core\subsystems\rendering\preanimation.cpp">
      <Filter>Source Files\Core\Subsystems\Rendering</Filter>
    </ClCompile>
    <ClCompile Include="src\core\subsystems\rendering\preboneconfig.cpp">
      <Filter>Source Files\Core\Subsystems\Rendering</Filter>
    </ClCompile>
    <ClCompile Include="src\core\subsystems\rendering\preanimationchannelconfig.cpp">
      <Filter>Source Files\Core\Subsystems\Rendering</Filter>
    </ClCompile>
    <ClCompile Include="src\core\subsystems\rendering\preanimationconfig.cpp">
      <Filter>Source Files\Core\Subsystems\Rendering</Filter>
    </ClCompile>
    <ClCompile Include="src\core\subsystems\rendering\preanimator.cpp">
      <Filter>Source Files\Core\Subsystems\Rendering</Filter>
    </ClCompile>
    <ClCompile Include="src\core\subsystems\rendering\preanimatorconfig.cpp">
      <Filter>Source Files\Core\Subsystems\Rendering</Filter>
    </ClCompile>
    <ClCompile Include="src\utility\math.cpp">
      <Filter>Source Files\Utility</Filter>
    </ClCompile>
    <ClCompile Include="src\modules\rendering\texture\rendertexture.cpp">
      <Filter>Source Files\Modules\Rendering\Texture</Filter>
    </ClCompile>
  </ItemGroup>
</Project>